
Microsoft Visual Studio Solution File, Format Version 12.00
Project("{FAE04EC0-301F-11D3-BF4B-00C04F79EFBC}") = "Anabasis", "src\Anabasis\Anabasis.csproj", "{088C3865-E555-46BA-B414-54E1DD40E0C4}"
EndProject
Project("{FAE04EC0-301F-11D3-BF4B-00C04F79EFBC}") = "Anabasis.Abstractions", "src\Anabasis.Abstractions\Anabasis.Abstractions.csproj", "{0F14792C-E05D-4AAE-9102-B1F51D78C080}"
EndProject
Project("{2150E333-8FDC-42A3-9474-1A3956D46DE8}") = "src", "src", "{B8AA43FB-A9DF-4A79-B2A3-EA9E3B40D575}"
EndProject
Project("{2150E333-8FDC-42A3-9474-1A3956D46DE8}") = "test", "test", "{A2E17887-CD0B-4212-8CC5-4435ED76326F}"
EndProject
Project("{FAE04EC0-301F-11D3-BF4B-00C04F79EFBC}") = "Anabasis.Platform.Abstractions", "src\Anabasis.Platform.Abstractions\Anabasis.Platform.Abstractions.csproj", "{9BF43564-3DC8-4B62-A157-D665793275DB}"
EndProject
Project("{2150E333-8FDC-42A3-9474-1A3956D46DE8}") = "platform", "platform", "{86087C3C-E68B-425F-8D50-EEA2DE0E81EF}"
EndProject
Project("{FAE04EC0-301F-11D3-BF4B-00C04F79EFBC}") = "Anabasis.Platform.Silk", "src\platform\Anabasis.Platform.Silk\Anabasis.Platform.Silk.csproj", "{D63F7B20-2DF1-4BEC-AC3C-2DE291711587}"
EndProject
Project("{2150E333-8FDC-42A3-9474-1A3956D46DE8}") = "tools", "tools", "{4A99C7F7-267F-4BBA-ADE8-61B681B3DEB6}"
EndProject
Project("{2150E333-8FDC-42A3-9474-1A3956D46DE8}") = "ext", "ext", "{C8E39609-B610-425F-8AB4-16ACA2772E46}"
EndProject
Project("{FAE04EC0-301F-11D3-BF4B-00C04F79EFBC}") = "Anabasis.Utility", "src\Anabasis.Utility\Anabasis.Utility.csproj", "{76EBED11-F20E-45FA-AC56-E42C3A946BB0}"
EndProject
Project("{FAE04EC0-301F-11D3-BF4B-00C04F79EFBC}") = "Anabasis.Threading", "src\Anabasis.Threading\Anabasis.Threading.csproj", "{C143C1D8-B301-4484-9ADB-81ED2DC305B0}"
EndProject
Project("{FAE04EC0-301F-11D3-BF4B-00C04F79EFBC}") = "Anabasis.Graphics.Abstractions", "src\Anabasis.Graphics.Abstractions\Anabasis.Graphics.Abstractions.csproj", "{945A776E-FB58-44B5-8FF3-1A6D60701624}"
EndProject
Project("{2150E333-8FDC-42A3-9474-1A3956D46DE8}") = "samples", "samples", "{6DA66A73-0467-4FAF-A195-5DAD18FEBB35}"
EndProject
Project("{FAE04EC0-301F-11D3-BF4B-00C04F79EFBC}") = "InstancingSample", "samples\InstancingSample\InstancingSample.csproj", "{98B5E66E-47D2-4179-B6E3-406F98B345C7}"
EndProject
Project("{FAE04EC0-301F-11D3-BF4B-00C04F79EFBC}") = "SilkPlatformTests", "test\SilkPlatformTests\SilkPlatformTests.csproj", "{EE2F562D-AC80-4581-A8A0-FF274AB27624}"
EndProject
Project("{FAE04EC0-301F-11D3-BF4B-00C04F79EFBC}") = "Anabasis.Platform.Silk.SixLabors.ImageSharp", "src\platform\Anabasis.Platform.Silk.SixLabors.ImageSharp\Anabasis.Platform.Silk.SixLabors.ImageSharp.csproj", "{9D759F38-A6D3-4833-9BDD-AD0DC7518379}"
EndProject
Project("{FAE04EC0-301F-11D3-BF4B-00C04F79EFBC}") = "Anabasis.Platform.SixLabors.ImageSharp", "src\platform\Anabasis.Platform.SixLabors.ImageSharp\Anabasis.Platform.SixLabors.ImageSharp.csproj", "{0E98D29C-6D22-440C-A8A3-53FABA461110}"
EndProject
Project("{FAE04EC0-301F-11D3-BF4B-00C04F79EFBC}") = "Anabasis.Images.Abstractions", "src\Anabasis.Images.Abstractions\Anabasis.Images.Abstractions.csproj", "{A1373D82-F570-4677-B4CC-3ACDB2156A00}"
EndProject
Project("{2150E333-8FDC-42A3-9474-1A3956D46DE8}") = "ascension", "ascension", "{1A0A4D02-0A02-40ED-8902-7AA32E8A40F2}"
EndProject
Project("{FAE04EC0-301F-11D3-BF4B-00C04F79EFBC}") = "Anabasis.Ascension", "src\ascension\Anabasis.Ascension\Anabasis.Ascension.csproj", "{7D5B09BE-C86B-47BF-918C-C9A2CA331F1E}"
EndProject
Project("{2150E333-8FDC-42A3-9474-1A3956D46DE8}") = "ldtk", "ldtk", "{19D63FBB-A74F-45DB-A8B3-6E6EB9A68D4D}"
EndProject
Project("{FAE04EC0-301F-11D3-BF4B-00C04F79EFBC}") = "Anabasis.Ascension.Ldtk.Core", "src\ascension\ldtk\Anabasis.Ascension.Ldtk.Core\Anabasis.Ascension.Ldtk.Core.csproj", "{B64FBD7A-E3DB-4D70-B58E-62DDE9BEC6FD}"
EndProject
Project("{FAE04EC0-301F-11D3-BF4B-00C04F79EFBC}") = "Anabasis.Ascension.Tileset", "src\ascension\Anabasis.Ascension.Tileset\Anabasis.Ascension.Tileset.csproj", "{C1B0C24A-85EF-4149-95A5-E92BDD5493AC}"
EndProject
Project("{FAE04EC0-301F-11D3-BF4B-00C04F79EFBC}") = "TexturedSample", "samples\TexturedSample\TexturedSample.csproj", "{DA021E02-C467-4798-A5C6-B0A9FC46BD2A}"
EndProject
Project("{FAE04EC0-301F-11D3-BF4B-00C04F79EFBC}") = "Anabasis.Ascension.SpriteBatch", "src\ascension\Anabasis.Ascension.SpriteBatch\Anabasis.Ascension.SpriteBatch.csproj", "{1B231718-76B9-4F9C-B6B1-FFC5D190077A}"
EndProject
Global
	GlobalSection(SolutionConfigurationPlatforms) = preSolution
		Debug|Any CPU = Debug|Any CPU
		Release|Any CPU = Release|Any CPU
	EndGlobalSection
	GlobalSection(ProjectConfigurationPlatforms) = postSolution
		{088C3865-E555-46BA-B414-54E1DD40E0C4}.Debug|Any CPU.ActiveCfg = Debug|Any CPU
		{088C3865-E555-46BA-B414-54E1DD40E0C4}.Debug|Any CPU.Build.0 = Debug|Any CPU
		{088C3865-E555-46BA-B414-54E1DD40E0C4}.Release|Any CPU.ActiveCfg = Release|Any CPU
		{088C3865-E555-46BA-B414-54E1DD40E0C4}.Release|Any CPU.Build.0 = Release|Any CPU
		{0F14792C-E05D-4AAE-9102-B1F51D78C080}.Debug|Any CPU.ActiveCfg = Debug|Any CPU
		{0F14792C-E05D-4AAE-9102-B1F51D78C080}.Debug|Any CPU.Build.0 = Debug|Any CPU
		{0F14792C-E05D-4AAE-9102-B1F51D78C080}.Release|Any CPU.ActiveCfg = Release|Any CPU
		{0F14792C-E05D-4AAE-9102-B1F51D78C080}.Release|Any CPU.Build.0 = Release|Any CPU
		{9BF43564-3DC8-4B62-A157-D665793275DB}.Debug|Any CPU.ActiveCfg = Debug|Any CPU
		{9BF43564-3DC8-4B62-A157-D665793275DB}.Debug|Any CPU.Build.0 = Debug|Any CPU
		{9BF43564-3DC8-4B62-A157-D665793275DB}.Release|Any CPU.ActiveCfg = Release|Any CPU
		{9BF43564-3DC8-4B62-A157-D665793275DB}.Release|Any CPU.Build.0 = Release|Any CPU
		{D63F7B20-2DF1-4BEC-AC3C-2DE291711587}.Debug|Any CPU.ActiveCfg = Debug|Any CPU
		{D63F7B20-2DF1-4BEC-AC3C-2DE291711587}.Debug|Any CPU.Build.0 = Debug|Any CPU
		{D63F7B20-2DF1-4BEC-AC3C-2DE291711587}.Release|Any CPU.ActiveCfg = Release|Any CPU
		{D63F7B20-2DF1-4BEC-AC3C-2DE291711587}.Release|Any CPU.Build.0 = Release|Any CPU
		{76EBED11-F20E-45FA-AC56-E42C3A946BB0}.Debug|Any CPU.ActiveCfg = Debug|Any CPU
		{76EBED11-F20E-45FA-AC56-E42C3A946BB0}.Debug|Any CPU.Build.0 = Debug|Any CPU
		{76EBED11-F20E-45FA-AC56-E42C3A946BB0}.Release|Any CPU.ActiveCfg = Release|Any CPU
		{76EBED11-F20E-45FA-AC56-E42C3A946BB0}.Release|Any CPU.Build.0 = Release|Any CPU
		{C143C1D8-B301-4484-9ADB-81ED2DC305B0}.Debug|Any CPU.ActiveCfg = Debug|Any CPU
		{C143C1D8-B301-4484-9ADB-81ED2DC305B0}.Debug|Any CPU.Build.0 = Debug|Any CPU
		{C143C1D8-B301-4484-9ADB-81ED2DC305B0}.Release|Any CPU.ActiveCfg = Release|Any CPU
		{C143C1D8-B301-4484-9ADB-81ED2DC305B0}.Release|Any CPU.Build.0 = Release|Any CPU
		{945A776E-FB58-44B5-8FF3-1A6D60701624}.Debug|Any CPU.ActiveCfg = Debug|Any CPU
		{945A776E-FB58-44B5-8FF3-1A6D60701624}.Debug|Any CPU.Build.0 = Debug|Any CPU
		{945A776E-FB58-44B5-8FF3-1A6D60701624}.Release|Any CPU.ActiveCfg = Release|Any CPU
		{945A776E-FB58-44B5-8FF3-1A6D60701624}.Release|Any CPU.Build.0 = Release|Any CPU
		{98B5E66E-47D2-4179-B6E3-406F98B345C7}.Debug|Any CPU.ActiveCfg = Debug|Any CPU
		{98B5E66E-47D2-4179-B6E3-406F98B345C7}.Debug|Any CPU.Build.0 = Debug|Any CPU
		{98B5E66E-47D2-4179-B6E3-406F98B345C7}.Release|Any CPU.ActiveCfg = Release|Any CPU
		{98B5E66E-47D2-4179-B6E3-406F98B345C7}.Release|Any CPU.Build.0 = Release|Any CPU
		{EE2F562D-AC80-4581-A8A0-FF274AB27624}.Debug|Any CPU.ActiveCfg = Debug|Any CPU
		{EE2F562D-AC80-4581-A8A0-FF274AB27624}.Debug|Any CPU.Build.0 = Debug|Any CPU
		{EE2F562D-AC80-4581-A8A0-FF274AB27624}.Release|Any CPU.ActiveCfg = Release|Any CPU
		{EE2F562D-AC80-4581-A8A0-FF274AB27624}.Release|Any CPU.Build.0 = Release|Any CPU
		{9D759F38-A6D3-4833-9BDD-AD0DC7518379}.Debug|Any CPU.ActiveCfg = Debug|Any CPU
		{9D759F38-A6D3-4833-9BDD-AD0DC7518379}.Debug|Any CPU.Build.0 = Debug|Any CPU
		{9D759F38-A6D3-4833-9BDD-AD0DC7518379}.Release|Any CPU.ActiveCfg = Release|Any CPU
		{9D759F38-A6D3-4833-9BDD-AD0DC7518379}.Release|Any CPU.Build.0 = Release|Any CPU
		{0E98D29C-6D22-440C-A8A3-53FABA461110}.Debug|Any CPU.ActiveCfg = Debug|Any CPU
		{0E98D29C-6D22-440C-A8A3-53FABA461110}.Debug|Any CPU.Build.0 = Debug|Any CPU
		{0E98D29C-6D22-440C-A8A3-53FABA461110}.Release|Any CPU.ActiveCfg = Release|Any CPU
		{0E98D29C-6D22-440C-A8A3-53FABA461110}.Release|Any CPU.Build.0 = Release|Any CPU
		{A1373D82-F570-4677-B4CC-3ACDB2156A00}.Debug|Any CPU.ActiveCfg = Debug|Any CPU
		{A1373D82-F570-4677-B4CC-3ACDB2156A00}.Debug|Any CPU.Build.0 = Debug|Any CPU
		{A1373D82-F570-4677-B4CC-3ACDB2156A00}.Release|Any CPU.ActiveCfg = Release|Any CPU
		{A1373D82-F570-4677-B4CC-3ACDB2156A00}.Release|Any CPU.Build.0 = Release|Any CPU
		{7D5B09BE-C86B-47BF-918C-C9A2CA331F1E}.Debug|Any CPU.ActiveCfg = Debug|Any CPU
		{7D5B09BE-C86B-47BF-918C-C9A2CA331F1E}.Debug|Any CPU.Build.0 = Debug|Any CPU
		{7D5B09BE-C86B-47BF-918C-C9A2CA331F1E}.Release|Any CPU.ActiveCfg = Release|Any CPU
		{7D5B09BE-C86B-47BF-918C-C9A2CA331F1E}.Release|Any CPU.Build.0 = Release|Any CPU
		{B64FBD7A-E3DB-4D70-B58E-62DDE9BEC6FD}.Debug|Any CPU.ActiveCfg = Debug|Any CPU
		{B64FBD7A-E3DB-4D70-B58E-62DDE9BEC6FD}.Debug|Any CPU.Build.0 = Debug|Any CPU
		{B64FBD7A-E3DB-4D70-B58E-62DDE9BEC6FD}.Release|Any CPU.ActiveCfg = Release|Any CPU
		{B64FBD7A-E3DB-4D70-B58E-62DDE9BEC6FD}.Release|Any CPU.Build.0 = Release|Any CPU
		{C1B0C24A-85EF-4149-95A5-E92BDD5493AC}.Debug|Any CPU.ActiveCfg = Debug|Any CPU
		{C1B0C24A-85EF-4149-95A5-E92BDD5493AC}.Debug|Any CPU.Build.0 = Debug|Any CPU
		{C1B0C24A-85EF-4149-95A5-E92BDD5493AC}.Release|Any CPU.ActiveCfg = Release|Any CPU
		{C1B0C24A-85EF-4149-95A5-E92BDD5493AC}.Release|Any CPU.Build.0 = Release|Any CPU
		{DA021E02-C467-4798-A5C6-B0A9FC46BD2A}.Debug|Any CPU.ActiveCfg = Debug|Any CPU
		{DA021E02-C467-4798-A5C6-B0A9FC46BD2A}.Debug|Any CPU.Build.0 = Debug|Any CPU
		{DA021E02-C467-4798-A5C6-B0A9FC46BD2A}.Release|Any CPU.ActiveCfg = Release|Any CPU
		{DA021E02-C467-4798-A5C6-B0A9FC46BD2A}.Release|Any CPU.Build.0 = Release|Any CPU
		{1B231718-76B9-4F9C-B6B1-FFC5D190077A}.Debug|Any CPU.ActiveCfg = Debug|Any CPU
		{1B231718-76B9-4F9C-B6B1-FFC5D190077A}.Debug|Any CPU.Build.0 = Debug|Any CPU
		{1B231718-76B9-4F9C-B6B1-FFC5D190077A}.Release|Any CPU.ActiveCfg = Release|Any CPU
		{1B231718-76B9-4F9C-B6B1-FFC5D190077A}.Release|Any CPU.Build.0 = Release|Any CPU
	EndGlobalSection
	GlobalSection(NestedProjects) = preSolution
		{088C3865-E555-46BA-B414-54E1DD40E0C4} = {B8AA43FB-A9DF-4A79-B2A3-EA9E3B40D575}
		{0F14792C-E05D-4AAE-9102-B1F51D78C080} = {B8AA43FB-A9DF-4A79-B2A3-EA9E3B40D575}
		{9BF43564-3DC8-4B62-A157-D665793275DB} = {B8AA43FB-A9DF-4A79-B2A3-EA9E3B40D575}
		{86087C3C-E68B-425F-8D50-EEA2DE0E81EF} = {B8AA43FB-A9DF-4A79-B2A3-EA9E3B40D575}
		{D63F7B20-2DF1-4BEC-AC3C-2DE291711587} = {86087C3C-E68B-425F-8D50-EEA2DE0E81EF}
		{76EBED11-F20E-45FA-AC56-E42C3A946BB0} = {B8AA43FB-A9DF-4A79-B2A3-EA9E3B40D575}
		{C143C1D8-B301-4484-9ADB-81ED2DC305B0} = {B8AA43FB-A9DF-4A79-B2A3-EA9E3B40D575}
		{945A776E-FB58-44B5-8FF3-1A6D60701624} = {B8AA43FB-A9DF-4A79-B2A3-EA9E3B40D575}
		{98B5E66E-47D2-4179-B6E3-406F98B345C7} = {6DA66A73-0467-4FAF-A195-5DAD18FEBB35}
		{EE2F562D-AC80-4581-A8A0-FF274AB27624} = {A2E17887-CD0B-4212-8CC5-4435ED76326F}
		{9D759F38-A6D3-4833-9BDD-AD0DC7518379} = {86087C3C-E68B-425F-8D50-EEA2DE0E81EF}
		{0E98D29C-6D22-440C-A8A3-53FABA461110} = {86087C3C-E68B-425F-8D50-EEA2DE0E81EF}
		{A1373D82-F570-4677-B4CC-3ACDB2156A00} = {B8AA43FB-A9DF-4A79-B2A3-EA9E3B40D575}
		{1A0A4D02-0A02-40ED-8902-7AA32E8A40F2} = {B8AA43FB-A9DF-4A79-B2A3-EA9E3B40D575}
		{7D5B09BE-C86B-47BF-918C-C9A2CA331F1E} = {1A0A4D02-0A02-40ED-8902-7AA32E8A40F2}
		{19D63FBB-A74F-45DB-A8B3-6E6EB9A68D4D} = {1A0A4D02-0A02-40ED-8902-7AA32E8A40F2}
		{B64FBD7A-E3DB-4D70-B58E-62DDE9BEC6FD} = {19D63FBB-A74F-45DB-A8B3-6E6EB9A68D4D}
		{C1B0C24A-85EF-4149-95A5-E92BDD5493AC} = {1A0A4D02-0A02-40ED-8902-7AA32E8A40F2}
		{DA021E02-C467-4798-A5C6-B0A9FC46BD2A} = {6DA66A73-0467-4FAF-A195-5DAD18FEBB35}
		{1B231718-76B9-4F9C-B6B1-FFC5D190077A} = {1A0A4D02-0A02-40ED-8902-7AA32E8A40F2}
	EndGlobalSection
EndGlobal
