
Microsoft Visual Studio Solution File, Format Version 12.00
Project("{2150E333-8FDC-42A3-9474-1A3956D46DE8}") = "src", "src", "{A800E5AD-FD17-45E8-8ACB-D1E8723BFAE0}"
EndProject
Project("{2150E333-8FDC-42A3-9474-1A3956D46DE8}") = "test", "test", "{1C15F7BF-0044-4B47-858D-1E277BD2AB90}"
EndProject
Project("{2150E333-8FDC-42A3-9474-1A3956D46DE8}") = "ascension", "ascension", "{16A7CA00-4E2F-4A6B-8CD9-BB92DA1D3AD8}"
	ProjectSection(SolutionItems) = preProject
		ascension\.gitignore = ascension\.gitignore
	EndProjectSection
EndProject
Project("{2150E333-8FDC-42A3-9474-1A3956D46DE8}") = "samples", "samples", "{C00C0C81-373C-4513-9556-36AE9BF9F3BF}"
EndProject
Project("{2150E333-8FDC-42A3-9474-1A3956D46DE8}") = "ext", "ext", "{2F3F2485-8D39-4C4E-9988-BA39E9E93CCA}"
EndProject
Project("{2150E333-8FDC-42A3-9474-1A3956D46DE8}") = "tools", "tools", "{0C326D5F-E457-4FCA-AB53-B6519A38E0A2}"
EndProject
Project("{FAE04EC0-301F-11D3-BF4B-00C04F79EFBC}") = "Anabasis.Tasks", "src\Anabasis.Tasks\Anabasis.Tasks.csproj", "{CE7AE4DE-C6FE-40F5-AB93-ED02D60E7C5E}"
EndProject
Project("{FAE04EC0-301F-11D3-BF4B-00C04F79EFBC}") = "Anabasis.Core", "src\Anabasis.Core\Anabasis.Core.csproj", "{BBBF7DC8-ABD8-4571-A24A-CB212F91C6AF}"
EndProject
Project("{FAE04EC0-301F-11D3-BF4B-00C04F79EFBC}") = "Anabasis.Hosting", "src\Anabasis.Hosting\Anabasis.Hosting.csproj", "{C4ABD26B-79D5-45FF-811F-2B63640BA897}"
EndProject
Global
	GlobalSection(SolutionConfigurationPlatforms) = preSolution
		Debug|Any CPU = Debug|Any CPU
		Release|Any CPU = Release|Any CPU
	EndGlobalSection
	GlobalSection(NestedProjects) = preSolution
		{CE7AE4DE-C6FE-40F5-AB93-ED02D60E7C5E} = {A800E5AD-FD17-45E8-8ACB-D1E8723BFAE0}
		{BBBF7DC8-ABD8-4571-A24A-CB212F91C6AF} = {A800E5AD-FD17-45E8-8ACB-D1E8723BFAE0}
		{C4ABD26B-79D5-45FF-811F-2B63640BA897} = {A800E5AD-FD17-45E8-8ACB-D1E8723BFAE0}
	EndGlobalSection
	GlobalSection(ProjectConfigurationPlatforms) = postSolution
		{CE7AE4DE-C6FE-40F5-AB93-ED02D60E7C5E}.Debug|Any CPU.ActiveCfg = Debug|Any CPU
		{CE7AE4DE-C6FE-40F5-AB93-ED02D60E7C5E}.Debug|Any CPU.Build.0 = Debug|Any CPU
		{CE7AE4DE-C6FE-40F5-AB93-ED02D60E7C5E}.Release|Any CPU.ActiveCfg = Release|Any CPU
		{CE7AE4DE-C6FE-40F5-AB93-ED02D60E7C5E}.Release|Any CPU.Build.0 = Release|Any CPU
		{BBBF7DC8-ABD8-4571-A24A-CB212F91C6AF}.Debug|Any CPU.ActiveCfg = Debug|Any CPU
		{BBBF7DC8-ABD8-4571-A24A-CB212F91C6AF}.Debug|Any CPU.Build.0 = Debug|Any CPU
		{BBBF7DC8-ABD8-4571-A24A-CB212F91C6AF}.Release|Any CPU.ActiveCfg = Release|Any CPU
		{BBBF7DC8-ABD8-4571-A24A-CB212F91C6AF}.Release|Any CPU.Build.0 = Release|Any CPU
		{C4ABD26B-79D5-45FF-811F-2B63640BA897}.Debug|Any CPU.ActiveCfg = Debug|Any CPU
		{C4ABD26B-79D5-45FF-811F-2B63640BA897}.Debug|Any CPU.Build.0 = Debug|Any CPU
		{C4ABD26B-79D5-45FF-811F-2B63640BA897}.Release|Any CPU.ActiveCfg = Release|Any CPU
		{C4ABD26B-79D5-45FF-811F-2B63640BA897}.Release|Any CPU.Build.0 = Release|Any CPU
	EndGlobalSection
EndGlobal
